
Microsoft Visual Studio Solution File, Format Version 12.00
# Visual Studio Express 2013 for Web
VisualStudioVersion = 12.0.30723.0
MinimumVisualStudioVersion = 10.0.40219.1
Project("{FAE04EC0-301F-11D3-BF4B-00C04F79EFBC}") = "AzureDemo", "AzureDemo\AzureDemo.csproj", "{294638C2-0FA0-4558-858D-F0CA3C4D7031}"
EndProject
Project("{FAE04EC0-301F-11D3-BF4B-00C04F79EFBC}") = "AzureDemo.Tests", "AzureDemo.Tests\AzureDemo.Tests.csproj", "{1A41E2EC-1451-4554-AB8D-8A74A142105C}"
EndProject
Project("{2150E333-8FDC-42A3-9474-1A3956D46DE8}") = ".nuget", ".nuget", "{1FF57141-9456-4AE6-A960-B717005E66B7}"
	ProjectSection(SolutionItems) = preProject
		.nuget\NuGet.Config = .nuget\NuGet.Config
		.nuget\NuGet.exe = .nuget\NuGet.exe
		.nuget\NuGet.targets = .nuget\NuGet.targets
		.nuget\packages.config = .nuget\packages.config
	EndProjectSection
EndProject
Project("{FAE04EC0-301F-11D3-BF4B-00C04F79EFBC}") = "DddSkeleton", "DddSkeleton\DddSkeleton.csproj", "{457DD21B-649F-43DE-B6A3-164F5314EDEF}"
EndProject
Project("{FAE04EC0-301F-11D3-BF4B-00C04F79EFBC}") = "StatisticsCollector", "StatisticsCollector\StatisticsCollector.csproj", "{D12631D2-2E5B-4FAE-959B-E9433FB1D21A}"
EndProject
Project("{FAE04EC0-301F-11D3-BF4B-00C04F79EFBC}") = "StatisticsCollector.Tests", "StatisticsCollector.Tests\StatisticsCollector.Tests.csproj", "{B5129F3C-7331-4D90-A8C2-E472B5DA8A04}"
EndProject
Global
	GlobalSection(SolutionConfigurationPlatforms) = preSolution
		Debug|Any CPU = Debug|Any CPU
		Release|Any CPU = Release|Any CPU
	EndGlobalSection
	GlobalSection(ProjectConfigurationPlatforms) = postSolution
		{294638C2-0FA0-4558-858D-F0CA3C4D7031}.Debug|Any CPU.ActiveCfg = Debug|Any CPU
		{294638C2-0FA0-4558-858D-F0CA3C4D7031}.Debug|Any CPU.Build.0 = Debug|Any CPU
		{294638C2-0FA0-4558-858D-F0CA3C4D7031}.Release|Any CPU.ActiveCfg = Release|Any CPU
		{294638C2-0FA0-4558-858D-F0CA3C4D7031}.Release|Any CPU.Build.0 = Release|Any CPU
		{1A41E2EC-1451-4554-AB8D-8A74A142105C}.Debug|Any CPU.ActiveCfg = Debug|Any CPU
		{1A41E2EC-1451-4554-AB8D-8A74A142105C}.Debug|Any CPU.Build.0 = Debug|Any CPU
		{1A41E2EC-1451-4554-AB8D-8A74A142105C}.Release|Any CPU.ActiveCfg = Release|Any CPU
		{1A41E2EC-1451-4554-AB8D-8A74A142105C}.Release|Any CPU.Build.0 = Release|Any CPU
		{457DD21B-649F-43DE-B6A3-164F5314EDEF}.Debug|Any CPU.ActiveCfg = Debug|Any CPU
		{457DD21B-649F-43DE-B6A3-164F5314EDEF}.Debug|Any CPU.Build.0 = Debug|Any CPU
		{457DD21B-649F-43DE-B6A3-164F5314EDEF}.Release|Any CPU.ActiveCfg = Release|Any CPU
		{457DD21B-649F-43DE-B6A3-164F5314EDEF}.Release|Any CPU.Build.0 = Release|Any CPU
		{D12631D2-2E5B-4FAE-959B-E9433FB1D21A}.Debug|Any CPU.ActiveCfg = Debug|Any CPU
		{D12631D2-2E5B-4FAE-959B-E9433FB1D21A}.Debug|Any CPU.Build.0 = Debug|Any CPU
		{D12631D2-2E5B-4FAE-959B-E9433FB1D21A}.Release|Any CPU.ActiveCfg = Release|Any CPU
		{D12631D2-2E5B-4FAE-959B-E9433FB1D21A}.Release|Any CPU.Build.0 = Release|Any CPU
		{B5129F3C-7331-4D90-A8C2-E472B5DA8A04}.Debug|Any CPU.ActiveCfg = Debug|Any CPU
		{B5129F3C-7331-4D90-A8C2-E472B5DA8A04}.Debug|Any CPU.Build.0 = Debug|Any CPU
		{B5129F3C-7331-4D90-A8C2-E472B5DA8A04}.Release|Any CPU.ActiveCfg = Release|Any CPU
		{B5129F3C-7331-4D90-A8C2-E472B5DA8A04}.Release|Any CPU.Build.0 = Release|Any CPU
	EndGlobalSection
	GlobalSection(SolutionProperties) = preSolution
		HideSolutionNode = FALSE
	EndGlobalSection
EndGlobal
